
Microsoft Visual Studio Solution File, Format Version 12.00
# Visual Studio 15
VisualStudioVersion = 15.0.27004.2006
MinimumVisualStudioVersion = 10.0.40219.1
Project("{FAE04EC0-301F-11D3-BF4B-00C04F79EFBC}") = "Sky.QiNiu", "Sky.QiNiu\Sky.QiNiu.csproj", "{40E0175A-3E50-43F5-AE34-DE6D52CEA242}"
EndProject
Project("{FAE04EC0-301F-11D3-BF4B-00C04F79EFBC}") = "Sky.Mvc.Test", "Sky.Mvc.Test\Sky.Mvc.Test.csproj", "{BC91D978-3CEA-4BBE-B843-21CAB5B598E0}"
EndProject
Global
	GlobalSection(SolutionConfigurationPlatforms) = preSolution
		Debug|Any CPU = Debug|Any CPU
		Release|Any CPU = Release|Any CPU
	EndGlobalSection
	GlobalSection(ProjectConfigurationPlatforms) = postSolution
		{40E0175A-3E50-43F5-AE34-DE6D52CEA242}.Debug|Any CPU.ActiveCfg = Debug|Any CPU
		{40E0175A-3E50-43F5-AE34-DE6D52CEA242}.Debug|Any CPU.Build.0 = Debug|Any CPU
		{40E0175A-3E50-43F5-AE34-DE6D52CEA242}.Release|Any CPU.ActiveCfg = Release|Any CPU
		{40E0175A-3E50-43F5-AE34-DE6D52CEA242}.Release|Any CPU.Build.0 = Release|Any CPU
		{BC91D978-3CEA-4BBE-B843-21CAB5B598E0}.Debug|Any CPU.ActiveCfg = Debug|Any CPU
		{BC91D978-3CEA-4BBE-B843-21CAB5B598E0}.Debug|Any CPU.Build.0 = Debug|Any CPU
		{BC91D978-3CEA-4BBE-B843-21CAB5B598E0}.Release|Any CPU.ActiveCfg = Release|Any CPU
		{BC91D978-3CEA-4BBE-B843-21CAB5B598E0}.Release|Any CPU.Build.0 = Release|Any CPU
	EndGlobalSection
	GlobalSection(SolutionProperties) = preSolution
		HideSolutionNode = FALSE
	EndGlobalSection
	GlobalSection(ExtensibilityGlobals) = postSolution
		SolutionGuid = {C9997B9C-37B8-4C20-B084-39B9896BDEAF}
	EndGlobalSection
EndGlobal
